{
  "originHash" : "806ebae4db6860630c2a24107700dc6d8aa24c3a2047c36628bd9d39010e1415",
  "pins" : [
    {
      "identity" : "sparkle",
      "kind" : "remoteSourceControl",
      "location" : "https://github.com/sparkle-project/Sparkle",
      "state" : {
        "revision" : "b6496a74a087257ef5e6da1c5b29a447a60f5bd7",
        "version" : "2.9.4"
      }
    },
    {
      "identity" : "spice-swift",
      "kind" : "remoteSourceControl",
      "location" : "https://github.com/BeriBeli/spice-swift.git",
      "state" : {
        "revision" : "2c577d71a94f841c50e617eb0e77f07cf0955c27",
        "version" : "0.2.7"
      }
    }
  ],
  "version" : 3
}
