{
  "originHash" : "280a24c50477cebd36b1a282f90aba9a280d2d89de8db564a167a85face14a6e",
  "pins" : [
    {
      "identity" : "sparkle",
      "kind" : "remoteSourceControl",
      "location" : "https://github.com/sparkle-project/Sparkle",
      "state" : {
        "revision" : "b6496a74a087257ef5e6da1c5b29a447a60f5bd7",
        "version" : "2.9.4"
      }
    },
    {
      "identity" : "spice-swift",
      "kind" : "remoteSourceControl",
      "location" : "https://github.com/BeriBeli/spice-swift.git",
      "state" : {
        "revision" : "884b4897d2bbebb7909e593dd3092d48597a50b3",
        "version" : "0.1.3"
      }
    }
  ],
  "version" : 3
}
