{
  "originHash" : "7a7f56a6f430df49038c35da11af78d34633a1f804f9cb55c11e00cdb1edfe3b",
  "pins" : [
    {
      "identity" : "sparkle",
      "kind" : "remoteSourceControl",
      "location" : "https://github.com/sparkle-project/Sparkle",
      "state" : {
        "revision" : "b6496a74a087257ef5e6da1c5b29a447a60f5bd7",
        "version" : "2.9.4"
      }
    },
    {
      "identity" : "spice-swift",
      "kind" : "remoteSourceControl",
      "location" : "https://github.com/BeriBeli/spice-swift.git",
      "state" : {
        "revision" : "ead61854d9d84ff41ae9bf64757f9ca0e9100a8c",
        "version" : "0.1.10"
      }
    }
  ],
  "version" : 3
}
